
Microsoft Visual Studio Solution File, Format Version 12.00
# Visual Studio Version 16
VisualStudioVersion = 16.0.30225.117
MinimumVisualStudioVersion = 10.0.40219.1
Project("{FAE04EC0-301F-11D3-BF4B-00C04F79EFBC}") = "Snake", "Snake\Snake.csproj", "{848EC4DC-EAD7-4FFC-8B07-547C9FC80EAE}"
EndProject
Global
	GlobalSection(SolutionConfigurationPlatforms) = preSolution
		Debug|Any CPU = Debug|Any CPU
		Release|Any CPU = Release|Any CPU
	EndGlobalSection
	GlobalSection(ProjectConfigurationPlatforms) = postSolution
		{848EC4DC-EAD7-4FFC-8B07-547C9FC80EAE}.Debug|Any CPU.ActiveCfg = Debug|Any CPU
		{848EC4DC-EAD7-4FFC-8B07-547C9FC80EAE}.Debug|Any CPU.Build.0 = Debug|Any CPU
		{848EC4DC-EAD7-4FFC-8B07-547C9FC80EAE}.Release|Any CPU.ActiveCfg = Release|Any CPU
		{848EC4DC-EAD7-4FFC-8B07-547C9FC80EAE}.Release|Any CPU.Build.0 = Release|Any CPU
	EndGlobalSection
	GlobalSection(SolutionProperties) = preSolution
		HideSolutionNode = FALSE
	EndGlobalSection
	GlobalSection(ExtensibilityGlobals) = postSolution
		SolutionGuid = {E2C6C04E-861B-4346-A9AF-3E27713D32BA}
	EndGlobalSection
EndGlobal
